
Microsoft Visual Studio Solution File, Format Version 12.00
# Visual Studio Version 17
VisualStudioVersion = 17.5.33530.505
MinimumVisualStudioVersion = 10.0.40219.1
Project("{FAE04EC0-301F-11D3-BF4B-00C04F79EFBC}") = "ApiExample", "ApiExample\ApiExample.csproj", "{901C5BF9-C197-49E3-98A1-6D0BD747DC4C}"
EndProject
Project("{FAE04EC0-301F-11D3-BF4B-00C04F79EFBC}") = "EmailSenderExample", "EmailSenderExample\EmailSenderExample.csproj", "{8ED30E00-0E8C-4570-A100-7468CA519FE9}"
EndProject
Global
	GlobalSection(SolutionConfigurationPlatforms) = preSolution
		Debug|Any CPU = Debug|Any CPU
		Release|Any CPU = Release|Any CPU
	EndGlobalSection
	GlobalSection(ProjectConfigurationPlatforms) = postSolution
		{901C5BF9-C197-49E3-98A1-6D0BD747DC4C}.Debug|Any CPU.ActiveCfg = Debug|Any CPU
		{901C5BF9-C197-49E3-98A1-6D0BD747DC4C}.Debug|Any CPU.Build.0 = Debug|Any CPU
		{901C5BF9-C197-49E3-98A1-6D0BD747DC4C}.Release|Any CPU.ActiveCfg = Release|Any CPU
		{901C5BF9-C197-49E3-98A1-6D0BD747DC4C}.Release|Any CPU.Build.0 = Release|Any CPU
		{8ED30E00-0E8C-4570-A100-7468CA519FE9}.Debug|Any CPU.ActiveCfg = Debug|Any CPU
		{8ED30E00-0E8C-4570-A100-7468CA519FE9}.Debug|Any CPU.Build.0 = Debug|Any CPU
		{8ED30E00-0E8C-4570-A100-7468CA519FE9}.Release|Any CPU.ActiveCfg = Release|Any CPU
		{8ED30E00-0E8C-4570-A100-7468CA519FE9}.Release|Any CPU.Build.0 = Release|Any CPU
	EndGlobalSection
	GlobalSection(SolutionProperties) = preSolution
		HideSolutionNode = FALSE
	EndGlobalSection
	GlobalSection(ExtensibilityGlobals) = postSolution
		SolutionGuid = {B5B0B1EE-5F74-42AF-9922-D61FC12478E9}
	EndGlobalSection
EndGlobal
